
Microsoft Visual Studio Solution File, Format Version 12.00
# Visual Studio 15
VisualStudioVersion = 15.0.27703.2018
MinimumVisualStudioVersion = 10.0.40219.1
Project("{FAE04EC0-301F-11D3-BF4B-00C04F79EFBC}") = "HalloWeb", "HalloWeb\HalloWeb.csproj", "{8A48CEAE-3186-4F2B-B985-B31649FDAA2D}"
EndProject
Global
	GlobalSection(SolutionConfigurationPlatforms) = preSolution
		Debug|Any CPU = Debug|Any CPU
		Release|Any CPU = Release|Any CPU
	EndGlobalSection
	GlobalSection(ProjectConfigurationPlatforms) = postSolution
		{8A48CEAE-3186-4F2B-B985-B31649FDAA2D}.Debug|Any CPU.ActiveCfg = Debug|Any CPU
		{8A48CEAE-3186-4F2B-B985-B31649FDAA2D}.Debug|Any CPU.Build.0 = Debug|Any CPU
		{8A48CEAE-3186-4F2B-B985-B31649FDAA2D}.Release|Any CPU.ActiveCfg = Release|Any CPU
		{8A48CEAE-3186-4F2B-B985-B31649FDAA2D}.Release|Any CPU.Build.0 = Release|Any CPU
	EndGlobalSection
	GlobalSection(SolutionProperties) = preSolution
		HideSolutionNode = FALSE
	EndGlobalSection
	GlobalSection(ExtensibilityGlobals) = postSolution
		SolutionGuid = {2137DE99-08B1-4772-95D0-3748A004FA64}
	EndGlobalSection
EndGlobal
